
Microsoft Visual Studio Solution File, Format Version 12.00
# Visual Studio Version 17
VisualStudioVersion = 17.5.33502.453
MinimumVisualStudioVersion = 10.0.40219.1
Project("{FAE04EC0-301F-11D3-BF4B-00C04F79EFBC}") = "Example Image Redactor", "Example Image Redactor\Example Image Redactor.csproj", "{AABCC76F-399F-4316-93EE-F795BBA1C93B}"
EndProject
Global
	GlobalSection(SolutionConfigurationPlatforms) = preSolution
		Debug|Any CPU = Debug|Any CPU
		Release|Any CPU = Release|Any CPU
	EndGlobalSection
	GlobalSection(ProjectConfigurationPlatforms) = postSolution
		{AABCC76F-399F-4316-93EE-F795BBA1C93B}.Debug|Any CPU.ActiveCfg = Debug|Any CPU
		{AABCC76F-399F-4316-93EE-F795BBA1C93B}.Debug|Any CPU.Build.0 = Debug|Any CPU
		{AABCC76F-399F-4316-93EE-F795BBA1C93B}.Release|Any CPU.ActiveCfg = Release|Any CPU
		{AABCC76F-399F-4316-93EE-F795BBA1C93B}.Release|Any CPU.Build.0 = Release|Any CPU
	EndGlobalSection
	GlobalSection(SolutionProperties) = preSolution
		HideSolutionNode = FALSE
	EndGlobalSection
	GlobalSection(ExtensibilityGlobals) = postSolution
		SolutionGuid = {0F8E2828-45E9-4DDA-8DC9-338C430E5DDD}
	EndGlobalSection
EndGlobal
